
Microsoft Visual Studio Solution File, Format Version 12.00
# Visual Studio Version 16
VisualStudioVersion = 16.0.31402.337
MinimumVisualStudioVersion = 10.0.40219.1
Project("{FAE04EC0-301F-11D3-BF4B-00C04F79EFBC}") = "MvcOnlineTicariOtomasyon", "MvcOnlineTicariOtomasyon\MvcOnlineTicariOtomasyon.csproj", "{9795EB4D-67F8-425B-B7DE-4AFC02822730}"
EndProject
Global
	GlobalSection(SolutionConfigurationPlatforms) = preSolution
		Debug|Any CPU = Debug|Any CPU
		Release|Any CPU = Release|Any CPU
	EndGlobalSection
	GlobalSection(ProjectConfigurationPlatforms) = postSolution
		{9795EB4D-67F8-425B-B7DE-4AFC02822730}.Debug|Any CPU.ActiveCfg = Debug|Any CPU
		{9795EB4D-67F8-425B-B7DE-4AFC02822730}.Debug|Any CPU.Build.0 = Debug|Any CPU
		{9795EB4D-67F8-425B-B7DE-4AFC02822730}.Release|Any CPU.ActiveCfg = Release|Any CPU
		{9795EB4D-67F8-425B-B7DE-4AFC02822730}.Release|Any CPU.Build.0 = Release|Any CPU
	EndGlobalSection
	GlobalSection(SolutionProperties) = preSolution
		HideSolutionNode = FALSE
	EndGlobalSection
	GlobalSection(ExtensibilityGlobals) = postSolution
		SolutionGuid = {903EE04B-0226-49E6-BAA7-8ABD42D9D882}
	EndGlobalSection
EndGlobal
